{
  "name": "client_packages",
  "lockfileVersion": 2,
  "requires": true,
  "packages": {
    "": {
      "devDependencies": {
        "@types/ragemp-c": "github:CocaColaBear/types-ragemp-c#v2.0"
      }
    },
    "node_modules/@types/ragemp-c": {
      "version": "2.0.3",
      "resolved": "git+ssh://git@github.com/CocaColaBear/types-ragemp-c.git#0c520362f8e2fe0b14bdf1a3a9ec90b1c9ee6a9b",
      "dev": true,
      "license": "MIT"
    }
  },
  "dependencies": {
    "@types/ragemp-c": {
      "version": "git+ssh://git@github.com/CocaColaBear/types-ragemp-c.git#0c520362f8e2fe0b14bdf1a3a9ec90b1c9ee6a9b",
      "dev": true,
      "from": "@types/ragemp-c@github:CocaColaBear/types-ragemp-c#v2.0"
    }
  }
}
